
Microsoft Visual Studio Solution File, Format Version 12.00
# Visual Studio Version 17
VisualStudioVersion = 17.0.31903.59
MinimumVisualStudioVersion = 10.0.40219.1
Project("{FAE04EC0-301F-11D3-BF4B-00C04F79EFBC}") = "PMS.Models", "PMS.Models\PMS.Models.csproj", "{3958AD1C-4DB3-4E4A-BE4D-20357BC2FC13}"
EndProject
Project("{FAE04EC0-301F-11D3-BF4B-00C04F79EFBC}") = "PMS.API", "PMS.API\PMS.API.csproj", "{43EB879F-52E9-4034-85B2-E59F48DCF80B}"
EndProject
Project("{FAE04EC0-301F-11D3-BF4B-00C04F79EFBC}") = "PMS.Services", "PMS.Services\PMS.Services.csproj", "{C5A53FF5-069F-48AB-9339-C1BE69F8C87C}"
EndProject
Project("{FAE04EC0-301F-11D3-BF4B-00C04F79EFBC}") = "PMS.Repositories", "PMS.Repositories\PMS.Repositories.csproj", "{14795441-ED41-4B9D-85E8-C4F97BC2AEC7}"
EndProject
Project("{FAE04EC0-301F-11D3-BF4B-00C04F79EFBC}") = "PMS.DataAccess", "PMS.DataAccess\PMS.DataAccess.csproj", "{B672253C-98FF-49B0-9AA9-FBB3B411EB77}"
EndProject
Global
	GlobalSection(SolutionConfigurationPlatforms) = preSolution
		Debug|Any CPU = Debug|Any CPU
		Debug|x64 = Debug|x64
		Debug|x86 = Debug|x86
		Release|Any CPU = Release|Any CPU
		Release|x64 = Release|x64
		Release|x86 = Release|x86
	EndGlobalSection
	GlobalSection(ProjectConfigurationPlatforms) = postSolution
		{3958AD1C-4DB3-4E4A-BE4D-20357BC2FC13}.Debug|Any CPU.ActiveCfg = Debug|Any CPU
		{3958AD1C-4DB3-4E4A-BE4D-20357BC2FC13}.Debug|Any CPU.Build.0 = Debug|Any CPU
		{3958AD1C-4DB3-4E4A-BE4D-20357BC2FC13}.Debug|x64.ActiveCfg = Debug|Any CPU
		{3958AD1C-4DB3-4E4A-BE4D-20357BC2FC13}.Debug|x64.Build.0 = Debug|Any CPU
		{3958AD1C-4DB3-4E4A-BE4D-20357BC2FC13}.Debug|x86.ActiveCfg = Debug|Any CPU
		{3958AD1C-4DB3-4E4A-BE4D-20357BC2FC13}.Debug|x86.Build.0 = Debug|Any CPU
		{3958AD1C-4DB3-4E4A-BE4D-20357BC2FC13}.Release|Any CPU.ActiveCfg = Release|Any CPU
		{3958AD1C-4DB3-4E4A-BE4D-20357BC2FC13}.Release|Any CPU.Build.0 = Release|Any CPU
		{3958AD1C-4DB3-4E4A-BE4D-20357BC2FC13}.Release|x64.ActiveCfg = Release|Any CPU
		{3958AD1C-4DB3-4E4A-BE4D-20357BC2FC13}.Release|x64.Build.0 = Release|Any CPU
		{3958AD1C-4DB3-4E4A-BE4D-20357BC2FC13}.Release|x86.ActiveCfg = Release|Any CPU
		{3958AD1C-4DB3-4E4A-BE4D-20357BC2FC13}.Release|x86.Build.0 = Release|Any CPU
		{43EB879F-52E9-4034-85B2-E59F48DCF80B}.Debug|Any CPU.ActiveCfg = Debug|Any CPU
		{43EB879F-52E9-4034-85B2-E59F48DCF80B}.Debug|Any CPU.Build.0 = Debug|Any CPU
		{43EB879F-52E9-4034-85B2-E59F48DCF80B}.Debug|x64.ActiveCfg = Debug|Any CPU
		{43EB879F-52E9-4034-85B2-E59F48DCF80B}.Debug|x64.Build.0 = Debug|Any CPU
		{43EB879F-52E9-4034-85B2-E59F48DCF80B}.Debug|x86.ActiveCfg = Debug|Any CPU
		{43EB879F-52E9-4034-85B2-E59F48DCF80B}.Debug|x86.Build.0 = Debug|Any CPU
		{43EB879F-52E9-4034-85B2-E59F48DCF80B}.Release|Any CPU.ActiveCfg = Release|Any CPU
		{43EB879F-52E9-4034-85B2-E59F48DCF80B}.Release|Any CPU.Build.0 = Release|Any CPU
		{43EB879F-52E9-4034-85B2-E59F48DCF80B}.Release|x64.ActiveCfg = Release|Any CPU
		{43EB879F-52E9-4034-85B2-E59F48DCF80B}.Release|x64.Build.0 = Release|Any CPU
		{43EB879F-52E9-4034-85B2-E59F48DCF80B}.Release|x86.ActiveCfg = Release|Any CPU
		{43EB879F-52E9-4034-85B2-E59F48DCF80B}.Release|x86.Build.0 = Release|Any CPU
		{C5A53FF5-069F-48AB-9339-C1BE69F8C87C}.Debug|Any CPU.ActiveCfg = Debug|Any CPU
		{C5A53FF5-069F-48AB-9339-C1BE69F8C87C}.Debug|Any CPU.Build.0 = Debug|Any CPU
		{C5A53FF5-069F-48AB-9339-C1BE69F8C87C}.Debug|x64.ActiveCfg = Debug|Any CPU
		{C5A53FF5-069F-48AB-9339-C1BE69F8C87C}.Debug|x64.Build.0 = Debug|Any CPU
		{C5A53FF5-069F-48AB-9339-C1BE69F8C87C}.Debug|x86.ActiveCfg = Debug|Any CPU
		{C5A53FF5-069F-48AB-9339-C1BE69F8C87C}.Debug|x86.Build.0 = Debug|Any CPU
		{C5A53FF5-069F-48AB-9339-C1BE69F8C87C}.Release|Any CPU.ActiveCfg = Release|Any CPU
		{C5A53FF5-069F-48AB-9339-C1BE69F8C87C}.Release|Any CPU.Build.0 = Release|Any CPU
		{C5A53FF5-069F-48AB-9339-C1BE69F8C87C}.Release|x64.ActiveCfg = Release|Any CPU
		{C5A53FF5-069F-48AB-9339-C1BE69F8C87C}.Release|x64.Build.0 = Release|Any CPU
		{C5A53FF5-069F-48AB-9339-C1BE69F8C87C}.Release|x86.ActiveCfg = Release|Any CPU
		{C5A53FF5-069F-48AB-9339-C1BE69F8C87C}.Release|x86.Build.0 = Release|Any CPU
		{14795441-ED41-4B9D-85E8-C4F97BC2AEC7}.Debug|Any CPU.ActiveCfg = Debug|Any CPU
		{14795441-ED41-4B9D-85E8-C4F97BC2AEC7}.Debug|Any CPU.Build.0 = Debug|Any CPU
		{14795441-ED41-4B9D-85E8-C4F97BC2AEC7}.Debug|x64.ActiveCfg = Debug|Any CPU
		{14795441-ED41-4B9D-85E8-C4F97BC2AEC7}.Debug|x64.Build.0 = Debug|Any CPU
		{14795441-ED41-4B9D-85E8-C4F97BC2AEC7}.Debug|x86.ActiveCfg = Debug|Any CPU
		{14795441-ED41-4B9D-85E8-C4F97BC2AEC7}.Debug|x86.Build.0 = Debug|Any CPU
		{14795441-ED41-4B9D-85E8-C4F97BC2AEC7}.Release|Any CPU.ActiveCfg = Release|Any CPU
		{14795441-ED41-4B9D-85E8-C4F97BC2AEC7}.Release|Any CPU.Build.0 = Release|Any CPU
		{14795441-ED41-4B9D-85E8-C4F97BC2AEC7}.Release|x64.ActiveCfg = Release|Any CPU
		{14795441-ED41-4B9D-85E8-C4F97BC2AEC7}.Release|x64.Build.0 = Release|Any CPU
		{14795441-ED41-4B9D-85E8-C4F97BC2AEC7}.Release|x86.ActiveCfg = Release|Any CPU
		{14795441-ED41-4B9D-85E8-C4F97BC2AEC7}.Release|x86.Build.0 = Release|Any CPU
		{B672253C-98FF-49B0-9AA9-FBB3B411EB77}.Debug|Any CPU.ActiveCfg = Debug|Any CPU
		{B672253C-98FF-49B0-9AA9-FBB3B411EB77}.Debug|Any CPU.Build.0 = Debug|Any CPU
		{B672253C-98FF-49B0-9AA9-FBB3B411EB77}.Debug|x64.ActiveCfg = Debug|Any CPU
		{B672253C-98FF-49B0-9AA9-FBB3B411EB77}.Debug|x64.Build.0 = Debug|Any CPU
		{B672253C-98FF-49B0-9AA9-FBB3B411EB77}.Debug|x86.ActiveCfg = Debug|Any CPU
		{B672253C-98FF-49B0-9AA9-FBB3B411EB77}.Debug|x86.Build.0 = Debug|Any CPU
		{B672253C-98FF-49B0-9AA9-FBB3B411EB77}.Release|Any CPU.ActiveCfg = Release|Any CPU
		{B672253C-98FF-49B0-9AA9-FBB3B411EB77}.Release|Any CPU.Build.0 = Release|Any CPU
		{B672253C-98FF-49B0-9AA9-FBB3B411EB77}.Release|x64.ActiveCfg = Release|Any CPU
		{B672253C-98FF-49B0-9AA9-FBB3B411EB77}.Release|x64.Build.0 = Release|Any CPU
		{B672253C-98FF-49B0-9AA9-FBB3B411EB77}.Release|x86.ActiveCfg = Release|Any CPU
		{B672253C-98FF-49B0-9AA9-FBB3B411EB77}.Release|x86.Build.0 = Release|Any CPU
	EndGlobalSection
	GlobalSection(SolutionProperties) = preSolution
		HideSolutionNode = FALSE
	EndGlobalSection
EndGlobal
